# generated by rye
# use `rye lock` or `rye sync` to update this lockfile
#
# last locked with the following flags:
#   pre: false
#   features: []
#   all-features: false
#   with-sources: false

-e file:.
blinker==1.8.2
    # via flask
click==8.1.7
    # via flask
colorama==0.4.6
    # via keynote-parser
cramjam==2.8.3
    # via python-snappy
flask==3.0.3
    # via slydb
future==1.0.0
    # via keynote-parser
itsdangerous==2.2.0
    # via flask
jinja2==3.1.4
    # via flask
keynote-parser==1.13.1.0
    # via slydb
markupsafe==2.1.5
    # via jinja2
    # via werkzeug
pillow==10.3.0
    # via keynote-parser
protobuf==5.26.1
    # via keynote-parser
python-snappy==0.7.1
    # via keynote-parser
pyyaml==6.0.1
    # via keynote-parser
tqdm==4.66.4
    # via keynote-parser
werkzeug==3.0.3
    # via flask
